
Microsoft Visual Studio Solution File, Format Version 12.00
# Visual Studio 2012
Project("{F2A71F9B-5D33-465A-A702-920D77279786}") = "FBallStats", "FBallStats\FBallStats.fsproj", "{7BFE2AD9-DE14-467F-8FF7-8286A43F4145}"
EndProject
Global
	GlobalSection(SolutionConfigurationPlatforms) = preSolution
		Debug|Any CPU = Debug|Any CPU
		Release|Any CPU = Release|Any CPU
	EndGlobalSection
	GlobalSection(ProjectConfigurationPlatforms) = postSolution
		{7BFE2AD9-DE14-467F-8FF7-8286A43F4145}.Debug|Any CPU.ActiveCfg = Debug|Any CPU
		{7BFE2AD9-DE14-467F-8FF7-8286A43F4145}.Debug|Any CPU.Build.0 = Debug|Any CPU
		{7BFE2AD9-DE14-467F-8FF7-8286A43F4145}.Release|Any CPU.ActiveCfg = Release|Any CPU
		{7BFE2AD9-DE14-467F-8FF7-8286A43F4145}.Release|Any CPU.Build.0 = Release|Any CPU
	EndGlobalSection
	GlobalSection(SolutionProperties) = preSolution
		HideSolutionNode = FALSE
	EndGlobalSection
EndGlobal
